
Microsoft Visual Studio Solution File, Format Version 12.00
# Visual Studio Version 17
VisualStudioVersion = 17.11.35312.102
MinimumVisualStudioVersion = 10.0.40219.1
Project("{FAE04EC0-301F-11D3-BF4B-00C04F79EFBC}") = "Book_Management", "Book_Management.csproj", "{6789278C-B6D9-49C4-ADE2-D9287986ADD8}"
EndProject
Project("{FAE04EC0-301F-11D3-BF4B-00C04F79EFBC}") = "Book_Management.Tests", "..\Book_Management.Tests\Book_Management.Tests.csproj", "{A36B7C0B-9372-42E4-B7D8-BB5454A9E606}"
EndProject
Global
	GlobalSection(SolutionConfigurationPlatforms) = preSolution
		Debug|Any CPU = Debug|Any CPU
		Release|Any CPU = Release|Any CPU
	EndGlobalSection
	GlobalSection(ProjectConfigurationPlatforms) = postSolution
		{6789278C-B6D9-49C4-ADE2-D9287986ADD8}.Debug|Any CPU.ActiveCfg = Debug|Any CPU
		{6789278C-B6D9-49C4-ADE2-D9287986ADD8}.Debug|Any CPU.Build.0 = Debug|Any CPU
		{6789278C-B6D9-49C4-ADE2-D9287986ADD8}.Release|Any CPU.ActiveCfg = Release|Any CPU
		{6789278C-B6D9-49C4-ADE2-D9287986ADD8}.Release|Any CPU.Build.0 = Release|Any CPU
		{A36B7C0B-9372-42E4-B7D8-BB5454A9E606}.Debug|Any CPU.ActiveCfg = Debug|Any CPU
		{A36B7C0B-9372-42E4-B7D8-BB5454A9E606}.Debug|Any CPU.Build.0 = Debug|Any CPU
		{A36B7C0B-9372-42E4-B7D8-BB5454A9E606}.Release|Any CPU.ActiveCfg = Release|Any CPU
		{A36B7C0B-9372-42E4-B7D8-BB5454A9E606}.Release|Any CPU.Build.0 = Release|Any CPU
	EndGlobalSection
	GlobalSection(SolutionProperties) = preSolution
		HideSolutionNode = FALSE
	EndGlobalSection
	GlobalSection(ExtensibilityGlobals) = postSolution
		SolutionGuid = {F75ADA19-A99E-4529-9D04-B7D59FA3D290}
	EndGlobalSection
EndGlobal
